// !$*UTF8*$!
{
	archiveVersion = 1;
	classes = {
	};
	objectVersion = 50;
	objects = {

/* Begin PBXBuildFile section */
		0E443FE322B2022E00C598ED /* LicensePlistWindowController.h in Headers */ = {isa = PBXBuildFile; fileRef = 0E443FE122B2022E00C598ED /* LicensePlistWindowController.h */; settings = {ATTRIBUTES = (Public, ); }; };
		0E44400B22B203E500C598ED /* LicensePlistWindowController.storyboard in Resources */ = {isa = PBXBuildFile; fileRef = 0E44400A22B203E500C598ED /* LicensePlistWindowController.storyboard */; };
		0E44400D22B204F100C598ED /* LicensePlistWindowController.swift in Sources */ = {isa = PBXBuildFile; fileRef = 0E44400C22B204F100C598ED /* LicensePlistWindowController.swift */; };
		0E44400F22B207D500C598ED /* SourceViewController.swift in Sources */ = {isa = PBXBuildFile; fileRef = 0E44400E22B207D500C598ED /* SourceViewController.swift */; };
		0E44401222B207E200C598ED /* TextViewController.swift in Sources */ = {isa = PBXBuildFile; fileRef = 0E44401022B207E200C598ED /* TextViewController.swift */; };
/* End PBXBuildFile section */

/* Begin PBXFileReference section */
		0E443FDE22B2022E00C598ED /* LicensePlistWindowController.framework */ = {isa = PBXFileReference; explicitFileType = wrapper.framework; includeInIndex = 0; path = LicensePlistWindowController.framework; sourceTree = BUILT_PRODUCTS_DIR; };
		0E443FE122B2022E00C598ED /* LicensePlistWindowController.h */ = {isa = PBXFileReference; lastKnownFileType = sourcecode.c.h; path = LicensePlistWindowController.h; sourceTree = "<group>"; };
		0E443FE222B2022E00C598ED /* Info.plist */ = {isa = PBXFileReference; lastKnownFileType = text.plist.xml; path = Info.plist; sourceTree = "<group>"; };
		0E44400A22B203E500C598ED /* LicensePlistWindowController.storyboard */ = {isa = PBXFileReference; lastKnownFileType = file.storyboard; path = LicensePlistWindowController.storyboard; sourceTree = "<group>"; };
		0E44400C22B204F100C598ED /* LicensePlistWindowController.swift */ = {isa = PBXFileReference; lastKnownFileType = sourcecode.swift; path = LicensePlistWindowController.swift; sourceTree = "<group>"; };
		0E44400E22B207D500C598ED /* SourceViewController.swift */ = {isa = PBXFileReference; lastKnownFileType = sourcecode.swift; path = SourceViewController.swift; sourceTree = "<group>"; };
		0E44401022B207E200C598ED /* TextViewController.swift */ = {isa = PBXFileReference; lastKnownFileType = sourcecode.swift; path = TextViewController.swift; sourceTree = "<group>"; };
/* End PBXFileReference section */

/* Begin PBXFrameworksBuildPhase section */
		0E443FDB22B2022E00C598ED /* Frameworks */ = {
			isa = PBXFrameworksBuildPhase;
			buildActionMask = 2147483647;
			files = (
			);
			runOnlyForDeploymentPostprocessing = 0;
		};
/* End PBXFrameworksBuildPhase section */

/* Begin PBXGroup section */
		0E443FD422B2022E00C598ED = {
			isa = PBXGroup;
			children = (
				0E443FE022B2022E00C598ED /* LicensePlistWindowController */,
				0E443FDF22B2022E00C598ED /* Products */,
			);
			sourceTree = "<group>";
		};
		0E443FDF22B2022E00C598ED /* Products */ = {
			isa = PBXGroup;
			children = (
				0E443FDE22B2022E00C598ED /* LicensePlistWindowController.framework */,
			);
			name = Products;
			sourceTree = "<group>";
		};
		0E443FE022B2022E00C598ED /* LicensePlistWindowController */ = {
			isa = PBXGroup;
			children = (
				0E443FE122B2022E00C598ED /* LicensePlistWindowController.h */,
				0E443FE222B2022E00C598ED /* Info.plist */,
				0E44400A22B203E500C598ED /* LicensePlistWindowController.storyboard */,
				0E44400C22B204F100C598ED /* LicensePlistWindowController.swift */,
				0E44400E22B207D500C598ED /* SourceViewController.swift */,
				0E44401022B207E200C598ED /* TextViewController.swift */,
			);
			path = LicensePlistWindowController;
			sourceTree = "<group>";
		};
/* End PBXGroup section */

/* Begin PBXHeadersBuildPhase section */
		0E443FD922B2022E00C598ED /* Headers */ = {
			isa = PBXHeadersBuildPhase;
			buildActionMask = 2147483647;
			files = (
				0E443FE322B2022E00C598ED /* LicensePlistWindowController.h in Headers */,
			);
			runOnlyForDeploymentPostprocessing = 0;
		};
/* End PBXHeadersBuildPhase section */

/* Begin PBXNativeTarget section */
		0E443FDD22B2022E00C598ED /* LicensePlistWindowController */ = {
			isa = PBXNativeTarget;
			buildConfigurationList = 0E443FE622B2022E00C598ED /* Build configuration list for PBXNativeTarget "LicensePlistWindowController" */;
			buildPhases = (
				0E443FD922B2022E00C598ED /* Headers */,
				0E443FDA22B2022E00C598ED /* Sources */,
				0E443FDB22B2022E00C598ED /* Frameworks */,
				0E443FDC22B2022E00C598ED /* Resources */,
			);
			buildRules = (
			);
			dependencies = (
			);
			name = LicensePlistWindowController;
			productName = LicensePlistWindowController;
			productReference = 0E443FDE22B2022E00C598ED /* LicensePlistWindowController.framework */;
			productType = "com.apple.product-type.framework";
		};
/* End PBXNativeTarget section */

/* Begin PBXProject section */
		0E443FD522B2022E00C598ED /* Project object */ = {
			isa = PBXProject;
			attributes = {
				LastUpgradeCheck = 1020;
				ORGANIZATIONNAME = cathand.org;
				TargetAttributes = {
					0E443FDD22B2022E00C598ED = {
						CreatedOnToolsVersion = 10.2.1;
						LastSwiftMigration = 1020;
					};
				};
			};
			buildConfigurationList = 0E443FD822B2022E00C598ED /* Build configuration list for PBXProject "LicensePlistWindowController" */;
			compatibilityVersion = "Xcode 9.3";
			developmentRegion = en;
			hasScannedForEncodings = 0;
			knownRegions = (
				en,
			);
			mainGroup = 0E443FD422B2022E00C598ED;
			productRefGroup = 0E443FDF22B2022E00C598ED /* Products */;
			projectDirPath = "";
			projectRoot = "";
			targets = (
				0E443FDD22B2022E00C598ED /* LicensePlistWindowController */,
			);
		};
/* End PBXProject section */

/* Begin PBXResourcesBuildPhase section */
		0E443FDC22B2022E00C598ED /* Resources */ = {
			isa = PBXResourcesBuildPhase;
			buildActionMask = 2147483647;
			files = (
				0E44400B22B203E500C598ED /* LicensePlistWindowController.storyboard in Resources */,
			);
			runOnlyForDeploymentPostprocessing = 0;
		};
/* End PBXResourcesBuildPhase section */

/* Begin PBXSourcesBuildPhase section */
		0E443FDA22B2022E00C598ED /* Sources */ = {
			isa = PBXSourcesBuildPhase;
			buildActionMask = 2147483647;
			files = (
				0E44400D22B204F100C598ED /* LicensePlistWindowController.swift in Sources */,
				0E44400F22B207D500C598ED /* SourceViewController.swift in Sources */,
				0E44401222B207E200C598ED /* TextViewController.swift in Sources */,
			);
			runOnlyForDeploymentPostprocessing = 0;
		};
/* End PBXSourcesBuildPhase section */

/* Begin XCBuildConfiguration section */
		0E443FE422B2022E00C598ED /* Debug */ = {
			isa = XCBuildConfiguration;
			buildSettings = {
				ALWAYS_SEARCH_USER_PATHS = NO;
				CLANG_ANALYZER_NONNULL = YES;
				CLANG_ANALYZER_NUMBER_OBJECT_CONVERSION = YES_AGGRESSIVE;
				CLANG_CXX_LANGUAGE_STANDARD = "gnu++14";
				CLANG_CXX_LIBRARY = "libc++";
				CLANG_ENABLE_MODULES = YES;
				CLANG_ENABLE_OBJC_ARC = YES;
				CLANG_ENABLE_OBJC_WEAK = YES;
				CLANG_WARN_BLOCK_CAPTURE_AUTORELEASING = YES;
				CLANG_WARN_BOOL_CONVERSION = YES;
				CLANG_WARN_COMMA = YES;
				CLANG_WARN_CONSTANT_CONVERSION = YES;
				CLANG_WARN_DEPRECATED_OBJC_IMPLEMENTATIONS = YES;
				CLANG_WARN_DIRECT_OBJC_ISA_USAGE = YES_ERROR;
				CLANG_WARN_DOCUMENTATION_COMMENTS = YES;
				CLANG_WARN_EMPTY_BODY = YES;
				CLANG_WARN_ENUM_CONVERSION = YES;
				CLANG_WARN_INFINITE_RECURSION = YES;
				CLANG_WARN_INT_CONVERSION = YES;
				CLANG_WARN_NON_LITERAL_NULL_CONVERSION = YES;
				CLANG_WARN_OBJC_IMPLICIT_RETAIN_SELF = YES;
				CLANG_WARN_OBJC_LITERAL_CONVERSION = YES;
				CLANG_WARN_OBJC_ROOT_CLASS = YES_ERROR;
				CLANG_WARN_RANGE_LOOP_ANALYSIS = YES;
				CLANG_WARN_STRICT_PROTOTYPES = YES;
				CLANG_WARN_SUSPICIOUS_MOVE = YES;
				CLANG_WARN_UNGUARDED_AVAILABILITY = YES_AGGRESSIVE;
				CLANG_WARN_UNREACHABLE_CODE = YES;
				CLANG_WARN__DUPLICATE_METHOD_MATCH = YES;
				CODE_SIGN_IDENTITY = "Mac Developer";
				COPY_PHASE_STRIP = NO;
				CURRENT_PROJECT_VERSION = 1;
				DEBUG_INFORMATION_FORMAT = dwarf;
				ENABLE_STRICT_OBJC_MSGSEND = YES;
				ENABLE_TESTABILITY = YES;
				GCC_C_LANGUAGE_STANDARD = gnu11;
				GCC_DYNAMIC_NO_PIC = NO;
				GCC_NO_COMMON_BLOCKS = YES;
				GCC_OPTIMIZATION_LEVEL = 0;
				GCC_PREPROCESSOR_DEFINITIONS = (
					"DEBUG=1",
					"$(inherited)",
				);
				GCC_WARN_64_TO_32_BIT_CONVERSION = YES;
				GCC_WARN_ABOUT_RETURN_TYPE = YES_ERROR;
				GCC_WARN_UNDECLARED_SELECTOR = YES;
				GCC_WARN_UNINITIALIZED_AUTOS = YES_AGGRESSIVE;
				GCC_WARN_UNUSED_FUNCTION = YES;
				GCC_WARN_UNUSED_VARIABLE = YES;
				MACOSX_DEPLOYMENT_TARGET = 10.14;
				MTL_ENABLE_DEBUG_INFO = INCLUDE_SOURCE;
				MTL_FAST_MATH = YES;
				ONLY_ACTIVE_ARCH = YES;
				SDKROOT = macosx;
				SWIFT_ACTIVE_COMPILATION_CONDITIONS = DEBUG;
				SWIFT_OPTIMIZATION_LEVEL = "-Onone";
				VERSIONING_SYSTEM = "apple-generic";
				VERSION_INFO_PREFIX = "";
			};
			name = Debug;
		};
		0E443FE522B2022E00C598ED /* Release */ = {
			isa = XCBuildConfiguration;
			buildSettings = {
				ALWAYS_SEARCH_USER_PATHS = NO;
				CLANG_ANALYZER_NONNULL = YES;
				CLANG_ANALYZER_NUMBER_OBJECT_CONVERSION = YES_AGGRESSIVE;
				CLANG_CXX_LANGUAGE_STANDARD = "gnu++14";
				CLANG_CXX_LIBRARY = "libc++";
				CLANG_ENABLE_MODULES = YES;
				CLANG_ENABLE_OBJC_ARC = YES;
				CLANG_ENABLE_OBJC_WEAK = YES;
				CLANG_WARN_BLOCK_CAPTURE_AUTORELEASING = YES;
				CLANG_WARN_BOOL_CONVERSION = YES;
				CLANG_WARN_COMMA = YES;
				CLANG_WARN_CONSTANT_CONVERSION = YES;
				CLANG_WARN_DEPRECATED_OBJC_IMPLEMENTATIONS = YES;
				CLANG_WARN_DIRECT_OBJC_ISA_USAGE = YES_ERROR;
				CLANG_WARN_DOCUMENTATION_COMMENTS = YES;
				CLANG_WARN_EMPTY_BODY = YES;
				CLANG_WARN_ENUM_CONVERSION = YES;
				CLANG_WARN_INFINITE_RECURSION = YES;
				CLANG_WARN_INT_CONVERSION = YES;
				CLANG_WARN_NON_LITERAL_NULL_CONVERSION = YES;
				CLANG_WARN_OBJC_IMPLICIT_RETAIN_SELF = YES;
				CLANG_WARN_OBJC_LITERAL_CONVERSION = YES;
				CLANG_WARN_OBJC_ROOT_CLASS = YES_ERROR;
				CLANG_WARN_RANGE_LOOP_ANALYSIS = YES;
				CLANG_WARN_STRICT_PROTOTYPES = YES;
				CLANG_WARN_SUSPICIOUS_MOVE = YES;
				CLANG_WARN_UNGUARDED_AVAILABILITY = YES_AGGRESSIVE;
				CLANG_WARN_UNREACHABLE_CODE = YES;
				CLANG_WARN__DUPLICATE_METHOD_MATCH = YES;
				CODE_SIGN_IDENTITY = "Mac Developer";
				COPY_PHASE_STRIP = NO;
				CURRENT_PROJECT_VERSION = 1;
				DEBUG_INFORMATION_FORMAT = "dwarf-with-dsym";
				ENABLE_NS_ASSERTIONS = NO;
				ENABLE_STRICT_OBJC_MSGSEND = YES;
				GCC_C_LANGUAGE_STANDARD = gnu11;
				GCC_NO_COMMON_BLOCKS = YES;
				GCC_WARN_64_TO_32_BIT_CONVERSION = YES;
				GCC_WARN_ABOUT_RETURN_TYPE = YES_ERROR;
				GCC_WARN_UNDECLARED_SELECTOR = YES;
				GCC_WARN_UNINITIALIZED_AUTOS = YES_AGGRESSIVE;
				GCC_WARN_UNUSED_FUNCTION = YES;
				GCC_WARN_UNUSED_VARIABLE = YES;
				MACOSX_DEPLOYMENT_TARGET = 10.14;
				MTL_ENABLE_DEBUG_INFO = NO;
				MTL_FAST_MATH = YES;
				SDKROOT = macosx;
				SWIFT_COMPILATION_MODE = wholemodule;
				SWIFT_OPTIMIZATION_LEVEL = "-O";
				VERSIONING_SYSTEM = "apple-generic";
				VERSION_INFO_PREFIX = "";
			};
			name = Release;
		};
		0E443FE722B2022E00C598ED /* Debug */ = {
			isa = XCBuildConfiguration;
			buildSettings = {
				CLANG_ENABLE_MODULES = YES;
				CODE_SIGN_IDENTITY = "";
				CODE_SIGN_STYLE = Automatic;
				COMBINE_HIDPI_IMAGES = YES;
				DEFINES_MODULE = YES;
				DEVELOPMENT_TEAM = 2Z5DP4X8W8;
				DYLIB_COMPATIBILITY_VERSION = 1;
				DYLIB_CURRENT_VERSION = 1;
				DYLIB_INSTALL_NAME_BASE = "@rpath";
				FRAMEWORK_VERSION = A;
				INFOPLIST_FILE = LicensePlistWindowController/Info.plist;
				INSTALL_PATH = "$(LOCAL_LIBRARY_DIR)/Frameworks";
				LD_RUNPATH_SEARCH_PATHS = (
					"$(inherited)",
					"@executable_path/../Frameworks",
					"@loader_path/Frameworks",
				);
				PRODUCT_BUNDLE_IDENTIFIER = org.cathand.LicensePlistWindowController;
				PRODUCT_NAME = "$(TARGET_NAME:c99extidentifier)";
				SKIP_INSTALL = YES;
				SWIFT_OPTIMIZATION_LEVEL = "-Onone";
				SWIFT_VERSION = 5.0;
			};
			name = Debug;
		};
		0E443FE822B2022E00C598ED /* Release */ = {
			isa = XCBuildConfiguration;
			buildSettings = {
				CLANG_ENABLE_MODULES = YES;
				CODE_SIGN_IDENTITY = "";
				CODE_SIGN_STYLE = Automatic;
				COMBINE_HIDPI_IMAGES = YES;
				DEFINES_MODULE = YES;
				DEVELOPMENT_TEAM = 2Z5DP4X8W8;
				DYLIB_COMPATIBILITY_VERSION = 1;
				DYLIB_CURRENT_VERSION = 1;
				DYLIB_INSTALL_NAME_BASE = "@rpath";
				FRAMEWORK_VERSION = A;
				INFOPLIST_FILE = LicensePlistWindowController/Info.plist;
				INSTALL_PATH = "$(LOCAL_LIBRARY_DIR)/Frameworks";
				LD_RUNPATH_SEARCH_PATHS = (
					"$(inherited)",
					"@executable_path/../Frameworks",
					"@loader_path/Frameworks",
				);
				PRODUCT_BUNDLE_IDENTIFIER = org.cathand.LicensePlistWindowController;
				PRODUCT_NAME = "$(TARGET_NAME:c99extidentifier)";
				SKIP_INSTALL = YES;
				SWIFT_VERSION = 5.0;
			};
			name = Release;
		};
/* End XCBuildConfiguration section */

/* Begin XCConfigurationList section */
		0E443FD822B2022E00C598ED /* Build configuration list for PBXProject "LicensePlistWindowController" */ = {
			isa = XCConfigurationList;
			buildConfigurations = (
				0E443FE422B2022E00C598ED /* Debug */,
				0E443FE522B2022E00C598ED /* Release */,
			);
			defaultConfigurationIsVisible = 0;
			defaultConfigurationName = Release;
		};
		0E443FE622B2022E00C598ED /* Build configuration list for PBXNativeTarget "LicensePlistWindowController" */ = {
			isa = XCConfigurationList;
			buildConfigurations = (
				0E443FE722B2022E00C598ED /* Debug */,
				0E443FE822B2022E00C598ED /* Release */,
			);
			defaultConfigurationIsVisible = 0;
			defaultConfigurationName = Release;
		};
/* End XCConfigurationList section */
	};
	rootObject = 0E443FD522B2022E00C598ED /* Project object */;
}
